
Microsoft Visual Studio Solution File, Format Version 12.00
# Visual Studio Version 17
VisualStudioVersion = 17.10.34928.147
MinimumVisualStudioVersion = 10.0.40219.1
Project("{FAE04EC0-301F-11D3-BF4B-00C04F79EFBC}") = "MirkW", "MirkW\MirkW.csproj", "{FE485CAD-00EA-4385-B76B-8BB67035ED37}"
EndProject
Global
	GlobalSection(SolutionConfigurationPlatforms) = preSolution
		Debug|Any CPU = Debug|Any CPU
		Release|Any CPU = Release|Any CPU
	EndGlobalSection
	GlobalSection(ProjectConfigurationPlatforms) = postSolution
		{FE485CAD-00EA-4385-B76B-8BB67035ED37}.Debug|Any CPU.ActiveCfg = Debug|Any CPU
		{FE485CAD-00EA-4385-B76B-8BB67035ED37}.Debug|Any CPU.Build.0 = Debug|Any CPU
		{FE485CAD-00EA-4385-B76B-8BB67035ED37}.Release|Any CPU.ActiveCfg = Release|Any CPU
		{FE485CAD-00EA-4385-B76B-8BB67035ED37}.Release|Any CPU.Build.0 = Release|Any CPU
	EndGlobalSection
	GlobalSection(SolutionProperties) = preSolution
		HideSolutionNode = FALSE
	EndGlobalSection
	GlobalSection(ExtensibilityGlobals) = postSolution
		SolutionGuid = {11EFD2CD-7871-4843-93A6-4C41F42DE21E}
	EndGlobalSection
EndGlobal
